
Microsoft Visual Studio Solution File, Format Version 12.00
# Visual Studio Version 17
VisualStudioVersion = 17.1.32228.430
MinimumVisualStudioVersion = 10.0.40219.1
Project("{FAE04EC0-301F-11D3-BF4B-00C04F79EFBC}") = "PeriodosAtras.ConsoleApp", "PeriodosAtras.ConsoleApp\PeriodosAtras.ConsoleApp.csproj", "{589DBACF-6166-4889-A11A-9547E417D326}"
EndProject
Global
	GlobalSection(SolutionConfigurationPlatforms) = preSolution
		Debug|Any CPU = Debug|Any CPU
		Release|Any CPU = Release|Any CPU
	EndGlobalSection
	GlobalSection(ProjectConfigurationPlatforms) = postSolution
		{589DBACF-6166-4889-A11A-9547E417D326}.Debug|Any CPU.ActiveCfg = Debug|Any CPU
		{589DBACF-6166-4889-A11A-9547E417D326}.Debug|Any CPU.Build.0 = Debug|Any CPU
		{589DBACF-6166-4889-A11A-9547E417D326}.Release|Any CPU.ActiveCfg = Release|Any CPU
		{589DBACF-6166-4889-A11A-9547E417D326}.Release|Any CPU.Build.0 = Release|Any CPU
	EndGlobalSection
	GlobalSection(SolutionProperties) = preSolution
		HideSolutionNode = FALSE
	EndGlobalSection
	GlobalSection(ExtensibilityGlobals) = postSolution
		SolutionGuid = {20FE38A7-1D61-4224-A6BC-05ECE4A8C47C}
	EndGlobalSection
EndGlobal
